Microsoft Visual Studio Solution File, Format Version 12.00
# Visual Studio Version 17
VisualStudioVersion = 17.13.35931.197
MinimumVisualStudioVersion = 10.0.40219.1
Project("{FAE04EC0-301F-11D3-BF4B-00C04F79EFBC}") = "SmugCommon", "SmugCommon\SmugCommon.csproj", "{F6E5289B-4C8D-4BB2-928D-2557A523B099}"
EndProject
Project("{2150E333-8FDC-42A3-9474-1A3956D46DE8}") = "Test", "Test", "{C8D5274F-AC00-46C7-1F8D-E88E81087A52}"
EndProject
Project("{FAE04EC0-301F-11D3-BF4B-00C04F79EFBC}") = "SmugControl", "SmugControl\SmugControl.csproj", "{7FAD9954-3D68-4219-8057-BC93B8450393}"
EndProject
Project("{2150E333-8FDC-42A3-9474-1A3956D46DE8}") = "ThirdParty", "ThirdParty", "{15919F1C-BAFC-4457-B5E2-2DAE69B8214D}"
EndProject
Project("{FAE04EC0-301F-11D3-BF4B-00C04F79EFBC}") = "SmugAWS", "ThirdParty\SmugAWS\SmugAWS.csproj", "{B949FCE2-40D1-69C6-C378-14A04C04CAF2}"
EndProject
Project("{FAE04EC0-301F-11D3-BF4B-00C04F79EFBC}") = "SmugMessenger", "ThirdParty\SmugMessenger\SmugMessenger.csproj", "{774AC66C-3529-46F9-8115-BED39F96D6DA}"
EndProject
Project("{FAE04EC0-301F-11D3-BF4B-00C04F79EFBC}") = "TestAPI", "Test\TestAPI\TestAPI.csproj", "{927EA379-F714-7F0E-CE1C-C9A5E106FE62}"
EndProject
Project("{FAE04EC0-301F-11D3-BF4B-00C04F79EFBC}") = "TestCommonConsole", "Test\TestCommonConsole\TestCommonConsole.csproj", "{A379E722-9027-2CF8-A52B-425D4CA6A990}"
EndProject
Project("{FAE04EC0-301F-11D3-BF4B-00C04F79EFBC}") = "TestConsole", "Test\TestConsole\TestConsole.csproj", "{EB1B97B7-51C4-9FC7-6404-B330D4BBBC69}"
EndProject
Project("{FAE04EC0-301F-11D3-BF4B-00C04F79EFBC}") = "TestWindow", "Test\TestWindow\TestWindow.csproj", "{BD907664-E298-63C3-6C66-865261D19EE7}"
EndProject
Project("{FAE04EC0-301F-11D3-BF4B-00C04F79EFBC}") = "SmugOpenSource", "SmugOpenSource\SmugOpenSource.csproj", "{77AD9408-0E84-4794-9D67-C682B0E1F3CB}"
EndProject
Global
	GlobalSection(SolutionConfigurationPlatforms) = preSolution
		Debug|x64 = Debug|x64
		Release|x64 = Release|x64
	EndGlobalSection
	GlobalSection(ProjectConfigurationPlatforms) = postSolution
		{F6E5289B-4C8D-4BB2-928D-2557A523B099}.Debug|x64.ActiveCfg = Debug|x64
		{F6E5289B-4C8D-4BB2-928D-2557A523B099}.Debug|x64.Build.0 = Debug|x64
		{F6E5289B-4C8D-4BB2-928D-2557A523B099}.Release|x64.ActiveCfg = Release|x64
		{F6E5289B-4C8D-4BB2-928D-2557A523B099}.Release|x64.Build.0 = Release|x64
		{7FAD9954-3D68-4219-8057-BC93B8450393}.Debug|x64.ActiveCfg = Debug|Any CPU
		{7FAD9954-3D68-4219-8057-BC93B8450393}.Debug|x64.Build.0 = Debug|Any CPU
		{7FAD9954-3D68-4219-8057-BC93B8450393}.Release|x64.ActiveCfg = Release|Any CPU
		{7FAD9954-3D68-4219-8057-BC93B8450393}.Release|x64.Build.0 = Release|Any CPU
		{B949FCE2-40D1-69C6-C378-14A04C04CAF2}.Debug|x64.ActiveCfg = Debug|Any CPU
		{B949FCE2-40D1-69C6-C378-14A04C04CAF2}.Debug|x64.Build.0 = Debug|Any CPU
		{B949FCE2-40D1-69C6-C378-14A04C04CAF2}.Release|x64.ActiveCfg = Release|Any CPU
		{B949FCE2-40D1-69C6-C378-14A04C04CAF2}.Release|x64.Build.0 = Release|Any CPU
		{774AC66C-3529-46F9-8115-BED39F96D6DA}.Debug|x64.ActiveCfg = Debug|Any CPU
		{774AC66C-3529-46F9-8115-BED39F96D6DA}.Debug|x64.Build.0 = Debug|Any CPU
		{774AC66C-3529-46F9-8115-BED39F96D6DA}.Release|x64.ActiveCfg = Release|Any CPU
		{774AC66C-3529-46F9-8115-BED39F96D6DA}.Release|x64.Build.0 = Release|Any CPU
		{927EA379-F714-7F0E-CE1C-C9A5E106FE62}.Debug|x64.ActiveCfg = Debug|Any CPU
		{927EA379-F714-7F0E-CE1C-C9A5E106FE62}.Debug|x64.Build.0 = Debug|Any CPU
		{927EA379-F714-7F0E-CE1C-C9A5E106FE62}.Release|x64.ActiveCfg = Release|Any CPU
		{927EA379-F714-7F0E-CE1C-C9A5E106FE62}.Release|x64.Build.0 = Release|Any CPU
		{A379E722-9027-2CF8-A52B-425D4CA6A990}.Debug|x64.ActiveCfg = Debug|Any CPU
		{A379E722-9027-2CF8-A52B-425D4CA6A990}.Debug|x64.Build.0 = Debug|Any CPU
		{A379E722-9027-2CF8-A52B-425D4CA6A990}.Release|x64.ActiveCfg = Release|Any CPU
		{A379E722-9027-2CF8-A52B-425D4CA6A990}.Release|x64.Build.0 = Release|Any CPU
		{EB1B97B7-51C4-9FC7-6404-B330D4BBBC69}.Debug|x64.ActiveCfg = Debug|x64
		{EB1B97B7-51C4-9FC7-6404-B330D4BBBC69}.Debug|x64.Build.0 = Debug|x64
		{EB1B97B7-51C4-9FC7-6404-B330D4BBBC69}.Release|x64.ActiveCfg = Release|x64
		{EB1B97B7-51C4-9FC7-6404-B330D4BBBC69}.Release|x64.Build.0 = Release|x64
		{BD907664-E298-63C3-6C66-865261D19EE7}.Debug|x64.ActiveCfg = Debug|Any CPU
		{BD907664-E298-63C3-6C66-865261D19EE7}.Debug|x64.Build.0 = Debug|Any CPU
		{BD907664-E298-63C3-6C66-865261D19EE7}.Release|x64.ActiveCfg = Release|Any CPU
		{BD907664-E298-63C3-6C66-865261D19EE7}.Release|x64.Build.0 = Release|Any CPU
		{77AD9408-0E84-4794-9D67-C682B0E1F3CB}.Debug|x64.ActiveCfg = Debug|Any CPU
		{77AD9408-0E84-4794-9D67-C682B0E1F3CB}.Debug|x64.Build.0 = Debug|Any CPU
		{77AD9408-0E84-4794-9D67-C682B0E1F3CB}.Release|x64.ActiveCfg = Release|Any CPU
		{77AD9408-0E84-4794-9D67-C682B0E1F3CB}.Release|x64.Build.0 = Release|Any CPU
	EndGlobalSection
	GlobalSection(SolutionProperties) = preSolution
		HideSolutionNode = FALSE
	EndGlobalSection
	GlobalSection(NestedProjects) = preSolution
		{B949FCE2-40D1-69C6-C378-14A04C04CAF2} = {15919F1C-BAFC-4457-B5E2-2DAE69B8214D}
		{774AC66C-3529-46F9-8115-BED39F96D6DA} = {15919F1C-BAFC-4457-B5E2-2DAE69B8214D}
		{927EA379-F714-7F0E-CE1C-C9A5E106FE62} = {C8D5274F-AC00-46C7-1F8D-E88E81087A52}
		{A379E722-9027-2CF8-A52B-425D4CA6A990} = {C8D5274F-AC00-46C7-1F8D-E88E81087A52}
		{EB1B97B7-51C4-9FC7-6404-B330D4BBBC69} = {C8D5274F-AC00-46C7-1F8D-E88E81087A52}
		{BD907664-E298-63C3-6C66-865261D19EE7} = {C8D5274F-AC00-46C7-1F8D-E88E81087A52}
		{77AD9408-0E84-4794-9D67-C682B0E1F3CB} = {15919F1C-BAFC-4457-B5E2-2DAE69B8214D}
	EndGlobalSection
	GlobalSection(ExtensibilityGlobals) = postSolution
		SolutionGuid = {41C24723-A5DE-43A9-BEDE-B034D38E643F}
	EndGlobalSection
EndGlobal
