Microsoft Visual Studio Solution File, Format Version 12.00
# Visual Studio Version 17
VisualStudioVersion = 17.13.35931.197
MinimumVisualStudioVersion = 10.0.40219.1
Project("{FAE04EC0-301F-11D3-BF4B-00C04F79EFBC}") = "SmugCommon", "SmugCommon\SmugCommon.csproj", "{F6E5289B-4C8D-4BB2-928D-2557A523B099}"
EndProject
Project("{2150E333-8FDC-42A3-9474-1A3956D46DE8}") = "Test", "Test", "{C8D5274F-AC00-46C7-1F8D-E88E81087A52}"
EndProject
Project("{FAE04EC0-301F-11D3-BF4B-00C04F79EFBC}") = "TestConsole", "TestConsole\TestConsole.csproj", "{23076272-E60A-4B71-AC9B-8696E8A97E6A}"
EndProject
Project("{FAE04EC0-301F-11D3-BF4B-00C04F79EFBC}") = "SmugControl", "SmugControl\SmugControl.csproj", "{7FAD9954-3D68-4219-8057-BC93B8450393}"
EndProject
Project("{FAE04EC0-301F-11D3-BF4B-00C04F79EFBC}") = "TestWindow", "TestWindow\TestWindow.csproj", "{5D510969-D4D7-4875-BBA9-C4C5227C5735}"
EndProject
Project("{FAE04EC0-301F-11D3-BF4B-00C04F79EFBC}") = "TestAPI", "TestAPI\TestAPI.csproj", "{D8436131-E2E4-4EC4-8BDC-07625031C677}"
EndProject
Project("{FAE04EC0-301F-11D3-BF4B-00C04F79EFBC}") = "TestCommonConsole", "TestCommonConsole\TestCommonConsole.csproj", "{D95B2FE8-4585-4A9C-BD4E-8724B6C06BF0}"
EndProject
Project("{2150E333-8FDC-42A3-9474-1A3956D46DE8}") = "ThirdParty", "ThirdParty", "{15919F1C-BAFC-4457-B5E2-2DAE69B8214D}"
EndProject
Project("{FAE04EC0-301F-11D3-BF4B-00C04F79EFBC}") = "SmugAWS", "ThirdParty\SmugAWS\SmugAWS.csproj", "{B949FCE2-40D1-69C6-C378-14A04C04CAF2}"
EndProject
Project("{FAE04EC0-301F-11D3-BF4B-00C04F79EFBC}") = "SmugMessenger", "ThirdParty\SmugMessenger\SmugMessenger.csproj", "{774AC66C-3529-46F9-8115-BED39F96D6DA}"
EndProject
Global
	GlobalSection(SolutionConfigurationPlatforms) = preSolution
		Debug|x64 = Debug|x64
		Release|x64 = Release|x64
	EndGlobalSection
	GlobalSection(ProjectConfigurationPlatforms) = postSolution
		{F6E5289B-4C8D-4BB2-928D-2557A523B099}.Debug|x64.ActiveCfg = Debug|x64
		{F6E5289B-4C8D-4BB2-928D-2557A523B099}.Debug|x64.Build.0 = Debug|x64
		{F6E5289B-4C8D-4BB2-928D-2557A523B099}.Release|x64.ActiveCfg = Release|x64
		{F6E5289B-4C8D-4BB2-928D-2557A523B099}.Release|x64.Build.0 = Release|x64
		{23076272-E60A-4B71-AC9B-8696E8A97E6A}.Debug|x64.ActiveCfg = Debug|x64
		{23076272-E60A-4B71-AC9B-8696E8A97E6A}.Debug|x64.Build.0 = Debug|x64
		{23076272-E60A-4B71-AC9B-8696E8A97E6A}.Release|x64.ActiveCfg = Release|x64
		{23076272-E60A-4B71-AC9B-8696E8A97E6A}.Release|x64.Build.0 = Release|x64
		{7FAD9954-3D68-4219-8057-BC93B8450393}.Debug|x64.ActiveCfg = Debug|Any CPU
		{7FAD9954-3D68-4219-8057-BC93B8450393}.Debug|x64.Build.0 = Debug|Any CPU
		{7FAD9954-3D68-4219-8057-BC93B8450393}.Release|x64.ActiveCfg = Release|Any CPU
		{7FAD9954-3D68-4219-8057-BC93B8450393}.Release|x64.Build.0 = Release|Any CPU
		{5D510969-D4D7-4875-BBA9-C4C5227C5735}.Debug|x64.ActiveCfg = Debug|Any CPU
		{5D510969-D4D7-4875-BBA9-C4C5227C5735}.Debug|x64.Build.0 = Debug|Any CPU
		{5D510969-D4D7-4875-BBA9-C4C5227C5735}.Release|x64.ActiveCfg = Release|Any CPU
		{5D510969-D4D7-4875-BBA9-C4C5227C5735}.Release|x64.Build.0 = Release|Any CPU
		{D8436131-E2E4-4EC4-8BDC-07625031C677}.Debug|x64.ActiveCfg = Debug|Any CPU
		{D8436131-E2E4-4EC4-8BDC-07625031C677}.Debug|x64.Build.0 = Debug|Any CPU
		{D8436131-E2E4-4EC4-8BDC-07625031C677}.Release|x64.ActiveCfg = Release|Any CPU
		{D8436131-E2E4-4EC4-8BDC-07625031C677}.Release|x64.Build.0 = Release|Any CPU
		{D95B2FE8-4585-4A9C-BD4E-8724B6C06BF0}.Debug|x64.ActiveCfg = Debug|Any CPU
		{D95B2FE8-4585-4A9C-BD4E-8724B6C06BF0}.Debug|x64.Build.0 = Debug|Any CPU
		{D95B2FE8-4585-4A9C-BD4E-8724B6C06BF0}.Release|x64.ActiveCfg = Release|Any CPU
		{D95B2FE8-4585-4A9C-BD4E-8724B6C06BF0}.Release|x64.Build.0 = Release|Any CPU
		{B949FCE2-40D1-69C6-C378-14A04C04CAF2}.Debug|x64.ActiveCfg = Debug|Any CPU
		{B949FCE2-40D1-69C6-C378-14A04C04CAF2}.Debug|x64.Build.0 = Debug|Any CPU
		{B949FCE2-40D1-69C6-C378-14A04C04CAF2}.Release|x64.ActiveCfg = Release|Any CPU
		{B949FCE2-40D1-69C6-C378-14A04C04CAF2}.Release|x64.Build.0 = Release|Any CPU
		{774AC66C-3529-46F9-8115-BED39F96D6DA}.Debug|x64.ActiveCfg = Debug|Any CPU
		{774AC66C-3529-46F9-8115-BED39F96D6DA}.Debug|x64.Build.0 = Debug|Any CPU
		{774AC66C-3529-46F9-8115-BED39F96D6DA}.Release|x64.ActiveCfg = Release|Any CPU
		{774AC66C-3529-46F9-8115-BED39F96D6DA}.Release|x64.Build.0 = Release|Any CPU
	EndGlobalSection
	GlobalSection(SolutionProperties) = preSolution
		HideSolutionNode = FALSE
	EndGlobalSection
	GlobalSection(NestedProjects) = preSolution
		{23076272-E60A-4B71-AC9B-8696E8A97E6A} = {C8D5274F-AC00-46C7-1F8D-E88E81087A52}
		{5D510969-D4D7-4875-BBA9-C4C5227C5735} = {C8D5274F-AC00-46C7-1F8D-E88E81087A52}
		{D8436131-E2E4-4EC4-8BDC-07625031C677} = {C8D5274F-AC00-46C7-1F8D-E88E81087A52}
		{D95B2FE8-4585-4A9C-BD4E-8724B6C06BF0} = {C8D5274F-AC00-46C7-1F8D-E88E81087A52}
		{B949FCE2-40D1-69C6-C378-14A04C04CAF2} = {15919F1C-BAFC-4457-B5E2-2DAE69B8214D}
		{774AC66C-3529-46F9-8115-BED39F96D6DA} = {15919F1C-BAFC-4457-B5E2-2DAE69B8214D}
	EndGlobalSection
	GlobalSection(ExtensibilityGlobals) = postSolution
		SolutionGuid = {41C24723-A5DE-43A9-BEDE-B034D38E643F}
	EndGlobalSection
EndGlobal
