Microsoft Visual Studio Solution File, Format Version 12.00
# Visual Studio Version 17
VisualStudioVersion = 17.14.37111.16
MinimumVisualStudioVersion = 10.0.40219.1
Project("{FAE04EC0-301F-11D3-BF4B-00C04F79EFBC}") = "Smugggler.Common", "SmugCommon\Smugggler.Common.csproj", "{F6E5289B-4C8D-4BB2-928D-2557A523B099}"
EndProject
Project("{2150E333-8FDC-42A3-9474-1A3956D46DE8}") = "Test", "Test", "{C8D5274F-AC00-46C7-1F8D-E88E81087A52}"
EndProject
Project("{FAE04EC0-301F-11D3-BF4B-00C04F79EFBC}") = "Smuggler.Control", "SmugControl\Smuggler.Control.csproj", "{7FAD9954-3D68-4219-8057-BC93B8450393}"
EndProject
Project("{FAE04EC0-301F-11D3-BF4B-00C04F79EFBC}") = "TestAPI", "Test\TestAPI\TestAPI.csproj", "{927EA379-F714-7F0E-CE1C-C9A5E106FE62}"
EndProject
Project("{FAE04EC0-301F-11D3-BF4B-00C04F79EFBC}") = "TestCommonConsole", "Test\TestCommonConsole\TestCommonConsole.csproj", "{A379E722-9027-2CF8-A52B-425D4CA6A990}"
EndProject
Project("{FAE04EC0-301F-11D3-BF4B-00C04F79EFBC}") = "TestConsole", "Test\TestConsole\TestConsole.csproj", "{EB1B97B7-51C4-9FC7-6404-B330D4BBBC69}"
EndProject
Project("{FAE04EC0-301F-11D3-BF4B-00C04F79EFBC}") = "TestWindow", "Test\TestWindow\TestWindow.csproj", "{BD907664-E298-63C3-6C66-865261D19EE7}"
EndProject
Project("{FAE04EC0-301F-11D3-BF4B-00C04F79EFBC}") = "SmugglerTDDs", "SmugglerTDDs\SmugglerTDDs.csproj", "{FC2745CE-1B3B-4B23-962E-25E38D788D1F}"
EndProject
Global
	GlobalSection(SolutionConfigurationPlatforms) = preSolution
		Debug|Any CPU = Debug|Any CPU
		Release|Any CPU = Release|Any CPU
	EndGlobalSection
	GlobalSection(ProjectConfigurationPlatforms) = postSolution
		{F6E5289B-4C8D-4BB2-928D-2557A523B099}.Debug|Any CPU.ActiveCfg = Debug|x64
		{F6E5289B-4C8D-4BB2-928D-2557A523B099}.Debug|Any CPU.Build.0 = Debug|x64
		{F6E5289B-4C8D-4BB2-928D-2557A523B099}.Release|Any CPU.ActiveCfg = Release|x64
		{F6E5289B-4C8D-4BB2-928D-2557A523B099}.Release|Any CPU.Build.0 = Release|x64
		{7FAD9954-3D68-4219-8057-BC93B8450393}.Debug|Any CPU.ActiveCfg = Debug|Any CPU
		{7FAD9954-3D68-4219-8057-BC93B8450393}.Debug|Any CPU.Build.0 = Debug|Any CPU
		{7FAD9954-3D68-4219-8057-BC93B8450393}.Release|Any CPU.ActiveCfg = Release|Any CPU
		{7FAD9954-3D68-4219-8057-BC93B8450393}.Release|Any CPU.Build.0 = Release|Any CPU
		{927EA379-F714-7F0E-CE1C-C9A5E106FE62}.Debug|Any CPU.ActiveCfg = Debug|Any CPU
		{927EA379-F714-7F0E-CE1C-C9A5E106FE62}.Debug|Any CPU.Build.0 = Debug|Any CPU
		{927EA379-F714-7F0E-CE1C-C9A5E106FE62}.Release|Any CPU.ActiveCfg = Release|Any CPU
		{927EA379-F714-7F0E-CE1C-C9A5E106FE62}.Release|Any CPU.Build.0 = Release|Any CPU
		{A379E722-9027-2CF8-A52B-425D4CA6A990}.Debug|Any CPU.ActiveCfg = Debug|Any CPU
		{A379E722-9027-2CF8-A52B-425D4CA6A990}.Debug|Any CPU.Build.0 = Debug|Any CPU
		{A379E722-9027-2CF8-A52B-425D4CA6A990}.Release|Any CPU.ActiveCfg = Release|Any CPU
		{A379E722-9027-2CF8-A52B-425D4CA6A990}.Release|Any CPU.Build.0 = Release|Any CPU
		{EB1B97B7-51C4-9FC7-6404-B330D4BBBC69}.Debug|Any CPU.ActiveCfg = Debug|x64
		{EB1B97B7-51C4-9FC7-6404-B330D4BBBC69}.Debug|Any CPU.Build.0 = Debug|x64
		{EB1B97B7-51C4-9FC7-6404-B330D4BBBC69}.Release|Any CPU.ActiveCfg = Release|x64
		{EB1B97B7-51C4-9FC7-6404-B330D4BBBC69}.Release|Any CPU.Build.0 = Release|x64
		{BD907664-E298-63C3-6C66-865261D19EE7}.Debug|Any CPU.ActiveCfg = Debug|Any CPU
		{BD907664-E298-63C3-6C66-865261D19EE7}.Debug|Any CPU.Build.0 = Debug|Any CPU
		{BD907664-E298-63C3-6C66-865261D19EE7}.Release|Any CPU.ActiveCfg = Release|Any CPU
		{BD907664-E298-63C3-6C66-865261D19EE7}.Release|Any CPU.Build.0 = Release|Any CPU
		{FC2745CE-1B3B-4B23-962E-25E38D788D1F}.Debug|Any CPU.ActiveCfg = Debug|Any CPU
		{FC2745CE-1B3B-4B23-962E-25E38D788D1F}.Debug|Any CPU.Build.0 = Debug|Any CPU
		{FC2745CE-1B3B-4B23-962E-25E38D788D1F}.Release|Any CPU.ActiveCfg = Release|Any CPU
		{FC2745CE-1B3B-4B23-962E-25E38D788D1F}.Release|Any CPU.Build.0 = Release|Any CPU
	EndGlobalSection
	GlobalSection(SolutionProperties) = preSolution
		HideSolutionNode = FALSE
	EndGlobalSection
	GlobalSection(NestedProjects) = preSolution
		{927EA379-F714-7F0E-CE1C-C9A5E106FE62} = {C8D5274F-AC00-46C7-1F8D-E88E81087A52}
		{A379E722-9027-2CF8-A52B-425D4CA6A990} = {C8D5274F-AC00-46C7-1F8D-E88E81087A52}
		{EB1B97B7-51C4-9FC7-6404-B330D4BBBC69} = {C8D5274F-AC00-46C7-1F8D-E88E81087A52}
		{BD907664-E298-63C3-6C66-865261D19EE7} = {C8D5274F-AC00-46C7-1F8D-E88E81087A52}
		{FC2745CE-1B3B-4B23-962E-25E38D788D1F} = {C8D5274F-AC00-46C7-1F8D-E88E81087A52}
	EndGlobalSection
	GlobalSection(ExtensibilityGlobals) = postSolution
		SolutionGuid = {41C24723-A5DE-43A9-BEDE-B034D38E643F}
	EndGlobalSection
EndGlobal
